
Microsoft Visual Studio Solution File, Format Version 12.00
# Visual Studio 15
VisualStudioVersion = 15.0.26430.12
MinimumVisualStudioVersion = 10.0.40219.1
Project("{FAE04EC0-301F-11D3-BF4B-00C04F79EFBC}") = "fluffy-sniffle-test", "fluffy-sniffle-test\fluffy-sniffle-test.csproj", "{BD5977E3-C810-473D-8F44-394D5C4588A5}"
EndProject
Project("{2150E333-8FDC-42A3-9474-1A3956D46DE8}") = "Solution Items", "Solution Items", "{12553A81-120C-4E08-A5B8-A2383999B3D1}"
	ProjectSection(SolutionItems) = preProject
		README.md = README.md
	EndProjectSection
EndProject
Project("{FAE04EC0-301F-11D3-BF4B-00C04F79EFBC}") = "fluffy-sniffle-logic", "fluffy-sniffle-logic\fluffy-sniffle-logic.csproj", "{481AD01F-A371-42E1-BCC3-C14085B982FA}"
EndProject
Global
	GlobalSection(SolutionConfigurationPlatforms) = preSolution
		Debug|Any CPU = Debug|Any CPU
		Release|Any CPU = Release|Any CPU
	EndGlobalSection
	GlobalSection(ProjectConfigurationPlatforms) = postSolution
		{BD5977E3-C810-473D-8F44-394D5C4588A5}.Debug|Any CPU.ActiveCfg = Debug|Any CPU
		{BD5977E3-C810-473D-8F44-394D5C4588A5}.Debug|Any CPU.Build.0 = Debug|Any CPU
		{BD5977E3-C810-473D-8F44-394D5C4588A5}.Release|Any CPU.ActiveCfg = Release|Any CPU
		{BD5977E3-C810-473D-8F44-394D5C4588A5}.Release|Any CPU.Build.0 = Release|Any CPU
		{481AD01F-A371-42E1-BCC3-C14085B982FA}.Debug|Any CPU.ActiveCfg = Debug|Any CPU
		{481AD01F-A371-42E1-BCC3-C14085B982FA}.Debug|Any CPU.Build.0 = Debug|Any CPU
		{481AD01F-A371-42E1-BCC3-C14085B982FA}.Release|Any CPU.ActiveCfg = Release|Any CPU
		{481AD01F-A371-42E1-BCC3-C14085B982FA}.Release|Any CPU.Build.0 = Release|Any CPU
	EndGlobalSection
	GlobalSection(SolutionProperties) = preSolution
		HideSolutionNode = FALSE
	EndGlobalSection
EndGlobal
